{
  "lockfile-version": 1,
  "manifest": {
    "version": 1,
    "install": {
      "bc": {
        "pkg-path": "bc"
      },
      "curl": {
        "pkg-path": "curl"
      },
      "fswatch": {
        "pkg-path": "fswatch"
      },
      "git": {
        "pkg-path": "git"
      },
      "jq": {
        "pkg-path": "jq"
      },
      "nodejs_22": {
        "pkg-path": "nodejs_22"
      },
      "ripgrep": {
        "pkg-path": "ripgrep"
      },
      "tmux": {
        "pkg-path": "tmux"
      },
      "wget": {
        "pkg-path": "wget"
      }
    },
    "vars": {
      "NODE_ENV": "development",
      "PUPPETEER_SKIP_DOWNLOAD": "true"
    },
    "hook": {
      "on-activate": "  # --- 1. Load .env ------------------------------------------------------\n  if [ -f \"$FLOX_ENV_PROJECT/.env\" ]; then\n    set -a\n    source \"$FLOX_ENV_PROJECT/.env\"\n    set +a\n    echo \"  Loaded .env\"\n  else\n    echo \"  WARNING: No .env file found — copy .env.example to .env and fill in your keys\"\n  fi\n\n  # --- 2. Detect Chrome / Chromium for Puppeteer --------------------------\n  CHROME_FOUND=\"\"\n\n  # Linux: check if Flox provided chromium\n  if command -v chromium >/dev/null 2>&1; then\n    export PUPPETEER_EXECUTABLE_PATH=\"$(command -v chromium)\"\n    CHROME_FOUND=\"chromium (Flox)\"\n  fi\n\n  # macOS: check Puppeteer cache\n  if [ -z \"$CHROME_FOUND\" ]; then\n    PUPPETEER_CACHE=\"$HOME/.cache/puppeteer\"\n    CHROME_MAC=\"$PUPPETEER_CACHE/chrome/mac_arm-*/chrome-mac-arm64/Google Chrome for Testing.app/Contents/MacOS/Google Chrome for Testing\"\n    CHROME_MAC_X86=\"$PUPPETEER_CACHE/chrome/mac-*/chrome-mac-x64/Google Chrome for Testing.app/Contents/MacOS/Google Chrome for Testing\"\n    for candidate in $CHROME_MAC $CHROME_MAC_X86; do\n      if [ -x \"$candidate\" ]; then\n        export PUPPETEER_EXECUTABLE_PATH=\"$candidate\"\n        CHROME_FOUND=\"Puppeteer cache\"\n        break\n      fi\n    done\n  fi\n\n  # Fallback: system Chrome on macOS\n  if [ -z \"$CHROME_FOUND\" ]; then\n    SYSTEM_CHROME=\"/Applications/Google Chrome.app/Contents/MacOS/Google Chrome\"\n    if [ -x \"$SYSTEM_CHROME\" ]; then\n      export PUPPETEER_EXECUTABLE_PATH=\"$SYSTEM_CHROME\"\n      CHROME_FOUND=\"system Chrome\"\n    fi\n  fi\n\n  if [ -n \"$CHROME_FOUND\" ]; then\n    echo \"  Chrome: $CHROME_FOUND\"\n  else\n    echo \"  WARNING: No Chrome found. Run: npx puppeteer browsers install chrome\"\n  fi\n\n  # --- 3. Clone / update agent-skills ------------------------------------\n  SKILLS_TARGET=\"$FLOX_ENV_PROJECT/.claude/skills/agent-skills\"\n  if [ -d \"$SKILLS_TARGET/.git\" ]; then\n    git -C \"$SKILLS_TARGET\" pull --quiet 2>/dev/null && echo \"  Agent skills: updated\" || echo \"  Agent skills: present (pull failed, offline?)\"\n  else\n    mkdir -p \"$(dirname \"$SKILLS_TARGET\")\"\n    if git clone --quiet https://github.com/lunar-vc/agent-skills.git \"$SKILLS_TARGET\" 2>/dev/null; then\n      echo \"  Agent skills: cloned\"\n    else\n      echo \"  WARNING: Could not clone agent-skills (check network / GITHUB_TOKEN)\"\n    fi\n  fi\n\n  # --- 4. Ensure research directory exists --------------------------------\n  mkdir -p \"$FLOX_ENV_PROJECT/research\"\n\n  # --- 5. Create tigerclaw launcher in env bin ----------------------------\n  mkdir -p \"$FLOX_ENV_CACHE/bin\"\n  cat > \"$FLOX_ENV_CACHE/bin/tigerclaw\" << LAUNCHER\n#!/usr/bin/env bash\nexec bash \"$FLOX_ENV_PROJECT/scripts/tigerclaw-launch.sh\" \"\\$@\"\nLAUNCHER\n  chmod +x \"$FLOX_ENV_CACHE/bin/tigerclaw\"\n  export PATH=\"$FLOX_ENV_CACHE/bin:$PATH\"\n\n  # --- 6. Export dynamic env vars -----------------------------------------\n  export TIGERCLAW_HOME=\"$FLOX_ENV_PROJECT\"\n  export SKILLS_DIR=\"$FLOX_ENV_PROJECT/.claude/skills/agent-skills\"\n  export RESEARCH_DIR=\"$FLOX_ENV_PROJECT/research\"\n\n  # --- 7. Post-activate validation ------------------------------------------\n  TC_WARNINGS=0\n  if [ ! -f \"$FLOX_ENV_PROJECT/.env\" ]; then\n    TC_WARNINGS=$((TC_WARNINGS + 1))\n  fi\n  if [ -z \"$CHROME_FOUND\" ]; then\n    TC_WARNINGS=$((TC_WARNINGS + 1))\n  fi\n  if [ ! -d \"$FLOX_ENV_PROJECT/.claude/skills/agent-skills/.git\" ]; then\n    TC_WARNINGS=$((TC_WARNINGS + 1))\n  fi\n\n  # --- 8. Welcome banner (in hook to avoid p10k instant prompt conflict) ---\n  echo \"\"\n  echo \"=== Tiger Claw — Agentic VC Research ===\"\n  echo \"  Node : $(node --version)\"\n  echo \"\"\n  echo \"Quick start:\"\n  echo \"  tigerclaw               — Launch tmux (source + themes windows)\"\n  echo \"  tigerclaw <args>        — Single Claude Code session\"\n  echo \"  tigerclaw-doctor        — Check environment health\"\n  echo \"  skills                  — List available agent skills\"\n  echo \"  search-founders <query> — Run latent founder signal scan\"\n  echo \"  post-hookdeck <payload> — Post event to Hookdeck\"\n  echo \"\"\n  if [ \"$TC_WARNINGS\" -gt 0 ]; then\n    echo \"  ⚠ $TC_WARNINGS issue(s) detected — run tigerclaw-doctor for details\"\n    echo \"\"\n  fi\n"
    },
    "profile": {
      "common": "  # Aliases\n  alias skills=\"ls -1 $FLOX_ENV_PROJECT/.claude/skills/agent-skills/\"\n  alias search-founders=\"node $FLOX_ENV_PROJECT/.claude/skills/agent-skills/latent-founder-signals/scripts/search.js\"\n  alias post-hookdeck=\"node $FLOX_ENV_PROJECT/.claude/skills/agent-skills/hookdeck/scripts/post.js\"\n  alias tigerclaw-doctor=\"bash $FLOX_ENV_PROJECT/scripts/doctor.sh\"\n  log-discovery() { printf \"[$(date +%H:%M)] %s\\n\" \"$*\" >> \"$FLOX_ENV_PROJECT/.discoveries\"; }\n"
    },
    "options": {
      "systems": [
        "aarch64-darwin",
        "x86_64-linux",
        "aarch64-linux"
      ]
    }
  },
  "packages": [
    {
      "attr_path": "bc",
      "broken": false,
      "derivation": "/nix/store/s230d8v7b36z4nl5h4zjijsikvwhsmyg-bc-1.08.2.drv",
      "description": "GNU software calculator",
      "install_id": "bc",
      "license": "GPL-3.0-or-later",
      "locked_url": "https://github.com/flox/nixpkgs?rev=00c21e4c93d963c50d4c0c89bfa84ed6e0694df2",
      "name": "bc-1.08.2",
      "pname": "bc",
      "rev": "00c21e4c93d963c50d4c0c89bfa84ed6e0694df2",
      "rev_count": 940249,
      "rev_date": "2026-02-04T09:32:58Z",
      "scrape_date": "2026-02-06T04:35:54.472351Z",
      "stabilities": [
        "staging",
        "unstable"
      ],
      "unfree": false,
      "version": "1.08.2",
      "outputs_to_install": [
        "out"
      ],
      "outputs": {
        "out": "/nix/store/yf7fbhdadlh1ri0z1988ch09fppyy61w-bc-1.08.2"
      },
      "system": "aarch64-darwin",
      "group": "toplevel",
      "priority": 5
    },
    {
      "attr_path": "bc",
      "broken": false,
      "derivation": "/nix/store/yyfz0g9azjyvbixq1w658v373g3j24cy-bc-1.08.2.drv",
      "description": "GNU software calculator",
      "install_id": "bc",
      "license": "GPL-3.0-or-later",
      "locked_url": "https://github.com/flox/nixpkgs?rev=00c21e4c93d963c50d4c0c89bfa84ed6e0694df2",
      "name": "bc-1.08.2",
      "pname": "bc",
      "rev": "00c21e4c93d963c50d4c0c89bfa84ed6e0694df2",
      "rev_count": 940249,
      "rev_date": "2026-02-04T09:32:58Z",
      "scrape_date": "2026-02-06T05:05:22.751552Z",
      "stabilities": [
        "staging",
        "unstable"
      ],
      "unfree": false,
      "version": "1.08.2",
      "outputs_to_install": [
        "out"
      ],
      "outputs": {
        "out": "/nix/store/00qpa8fxwr74q586a9y7zi5rqwmcswa5-bc-1.08.2"
      },
      "system": "aarch64-linux",
      "group": "toplevel",
      "priority": 5
    },
    {
      "attr_path": "bc",
      "broken": false,
      "derivation": "/nix/store/hlg30ygq0cg2lhw4p3pgwzagbzyirbz9-bc-1.08.2.drv",
      "description": "GNU software calculator",
      "install_id": "bc",
      "license": "GPL-3.0-or-later",
      "locked_url": "https://github.com/flox/nixpkgs?rev=00c21e4c93d963c50d4c0c89bfa84ed6e0694df2",
      "name": "bc-1.08.2",
      "pname": "bc",
      "rev": "00c21e4c93d963c50d4c0c89bfa84ed6e0694df2",
      "rev_count": 940249,
      "rev_date": "2026-02-04T09:32:58Z",
      "scrape_date": "2026-02-06T06:05:45.586031Z",
      "stabilities": [
        "staging",
        "unstable"
      ],
      "unfree": false,
      "version": "1.08.2",
      "outputs_to_install": [
        "out"
      ],
      "outputs": {
        "out": "/nix/store/m2gxc0sb4rkpnqhz541pp1p6g6w31gm3-bc-1.08.2"
      },
      "system": "x86_64-linux",
      "group": "toplevel",
      "priority": 5
    },
    {
      "attr_path": "curl",
      "broken": false,
      "derivation": "/nix/store/vn7qyigb9aqbzk93v3yjz3zdacbp48vw-curl-8.17.0.drv",
      "description": "Command line tool for transferring files with URL syntax",
      "install_id": "curl",
      "license": "curl",
      "locked_url": "https://github.com/flox/nixpkgs?rev=00c21e4c93d963c50d4c0c89bfa84ed6e0694df2",
      "name": "curl-8.17.0",
      "pname": "curl",
      "rev": "00c21e4c93d963c50d4c0c89bfa84ed6e0694df2",
      "rev_count": 940249,
      "rev_date": "2026-02-04T09:32:58Z",
      "scrape_date": "2026-02-06T04:35:54.859356Z",
      "stabilities": [
        "staging",
        "unstable"
      ],
      "unfree": false,
      "version": "8.17.0",
      "outputs_to_install": [
        "bin",
        "man"
      ],
      "outputs": {
        "bin": "/nix/store/qncd2qavd8nj797izhqzyzz5q9cr5bwx-curl-8.17.0-bin",
        "dev": "/nix/store/27hnypizfhndg47s81v9gvc9ywsiqq5p-curl-8.17.0-dev",
        "devdoc": "/nix/store/izi1l0h196fyaf7w06wqziq02m43acij-curl-8.17.0-devdoc",
        "man": "/nix/store/2swlvcnn1xrsanyd4fc8mdlmx6c216dd-curl-8.17.0-man",
        "out": "/nix/store/vzv2n6g3g6ynxdzflh4s5crn6px9b0wb-curl-8.17.0"
      },
      "system": "aarch64-darwin",
      "group": "toplevel",
      "priority": 5
    },
    {
      "attr_path": "curl",
      "broken": false,
      "derivation": "/nix/store/sbj1ds2n743q4zhfccjaylg7jvjp9q9n-curl-8.17.0.drv",
      "description": "Command line tool for transferring files with URL syntax",
      "install_id": "curl",
      "license": "curl",
      "locked_url": "https://github.com/flox/nixpkgs?rev=00c21e4c93d963c50d4c0c89bfa84ed6e0694df2",
      "name": "curl-8.17.0",
      "pname": "curl",
      "rev": "00c21e4c93d963c50d4c0c89bfa84ed6e0694df2",
      "rev_count": 940249,
      "rev_date": "2026-02-04T09:32:58Z",
      "scrape_date": "2026-02-06T05:05:23.310360Z",
      "stabilities": [
        "staging",
        "unstable"
      ],
      "unfree": false,
      "version": "8.17.0",
      "outputs_to_install": [
        "bin",
        "bin",
        "man",
        "man"
      ],
      "outputs": {
        "bin": "/nix/store/wqz5jf32ywajllzfry6gjxhddbh21lvs-curl-8.17.0-bin",
        "debug": "/nix/store/vwgx2lvkk8kygx6006a81qhb48f9hn7f-curl-8.17.0-debug",
        "dev": "/nix/store/638hqfczwic54cln0cavh38l1a140ij3-curl-8.17.0-dev",
        "devdoc": "/nix/store/gl74x82b8xiprhpqnw86rvha06gjzk8v-curl-8.17.0-devdoc",
        "man": "/nix/store/9bpk7v03yq152wvf5rbv7pr7f5mvj7xp-curl-8.17.0-man",
        "out": "/nix/store/7rls1f8815qd0b6lgicc53jwl7qs3fa2-curl-8.17.0"
      },
      "system": "aarch64-linux",
      "group": "toplevel",
      "priority": 5
    },
    {
      "attr_path": "curl",
      "broken": false,
      "derivation": "/nix/store/a1kpbbk1lnnaw2gl5pffs92hxm54mjpm-curl-8.17.0.drv",
      "description": "Command line tool for transferring files with URL syntax",
      "install_id": "curl",
      "license": "curl",
      "locked_url": "https://github.com/flox/nixpkgs?rev=00c21e4c93d963c50d4c0c89bfa84ed6e0694df2",
      "name": "curl-8.17.0",
      "pname": "curl",
      "rev": "00c21e4c93d963c50d4c0c89bfa84ed6e0694df2",
      "rev_count": 940249,
      "rev_date": "2026-02-04T09:32:58Z",
      "scrape_date": "2026-02-06T06:05:46.200648Z",
      "stabilities": [
        "staging",
        "unstable"
      ],
      "unfree": false,
      "version": "8.17.0",
      "outputs_to_install": [
        "bin",
        "bin",
        "man",
        "man"
      ],
      "outputs": {
        "bin": "/nix/store/jqfr3p49g3lch84y45jfzw9fshlv8jyp-curl-8.17.0-bin",
        "debug": "/nix/store/lhdva5pd84cx2bm7gymrm7x75m95s3gb-curl-8.17.0-debug",
        "dev": "/nix/store/gy73p60881n9nagq7grffjgy4ycw9a85-curl-8.17.0-dev",
        "devdoc": "/nix/store/74hjnnn67f1ax4mkx4nwbcxaih6k5hrv-curl-8.17.0-devdoc",
        "man": "/nix/store/msaigk8gy4rikyxbxiqksh8njd5dx13h-curl-8.17.0-man",
        "out": "/nix/store/8ylzjm58ghiq60vklfy58j14sgryjjzw-curl-8.17.0"
      },
      "system": "x86_64-linux",
      "group": "toplevel",
      "priority": 5
    },
    {
      "attr_path": "fswatch",
      "broken": false,
      "derivation": "/nix/store/irxrav25yykr3l1qldcg59rhfwvd67km-fswatch-1.18.3.drv",
      "description": "Cross-platform file change monitor with multiple backends",
      "install_id": "fswatch",
      "license": "GPL-3.0-or-later",
      "locked_url": "https://github.com/flox/nixpkgs?rev=00c21e4c93d963c50d4c0c89bfa84ed6e0694df2",
      "name": "fswatch-1.18.3",
      "pname": "fswatch",
      "rev": "00c21e4c93d963c50d4c0c89bfa84ed6e0694df2",
      "rev_count": 940249,
      "rev_date": "2026-02-04T09:32:58Z",
      "scrape_date": "2026-02-06T04:35:55.387662Z",
      "stabilities": [
        "staging",
        "unstable"
      ],
      "unfree": false,
      "version": "1.18.3",
      "outputs_to_install": [
        "out"
      ],
      "outputs": {
        "out": "/nix/store/ffnls25azx2q0h6n8y03r6paiz1l3kmz-fswatch-1.18.3"
      },
      "system": "aarch64-darwin",
      "group": "toplevel",
      "priority": 5
    },
    {
      "attr_path": "fswatch",
      "broken": false,
      "derivation": "/nix/store/iivxi37mmkjwkws0kcxk2gzrmrcblnwf-fswatch-1.18.3.drv",
      "description": "Cross-platform file change monitor with multiple backends",
      "install_id": "fswatch",
      "license": "GPL-3.0-or-later",
      "locked_url": "https://github.com/flox/nixpkgs?rev=00c21e4c93d963c50d4c0c89bfa84ed6e0694df2",
      "name": "fswatch-1.18.3",
      "pname": "fswatch",
      "rev": "00c21e4c93d963c50d4c0c89bfa84ed6e0694df2",
      "rev_count": 940249,
      "rev_date": "2026-02-04T09:32:58Z",
      "scrape_date": "2026-02-06T05:05:24.124042Z",
      "stabilities": [
        "staging",
        "unstable"
      ],
      "unfree": false,
      "version": "1.18.3",
      "outputs_to_install": [
        "out"
      ],
      "outputs": {
        "out": "/nix/store/1bfmhk0l6d1n96967g57c06qcvp9qvc0-fswatch-1.18.3"
      },
      "system": "aarch64-linux",
      "group": "toplevel",
      "priority": 5
    },
    {
      "attr_path": "fswatch",
      "broken": false,
      "derivation": "/nix/store/akldas6sj7lqr8vwp6zfm3w8zvy103x7-fswatch-1.18.3.drv",
      "description": "Cross-platform file change monitor with multiple backends",
      "install_id": "fswatch",
      "license": "GPL-3.0-or-later",
      "locked_url": "https://github.com/flox/nixpkgs?rev=00c21e4c93d963c50d4c0c89bfa84ed6e0694df2",
      "name": "fswatch-1.18.3",
      "pname": "fswatch",
      "rev": "00c21e4c93d963c50d4c0c89bfa84ed6e0694df2",
      "rev_count": 940249,
      "rev_date": "2026-02-04T09:32:58Z",
      "scrape_date": "2026-02-06T06:05:47.108224Z",
      "stabilities": [
        "staging",
        "unstable"
      ],
      "unfree": false,
      "version": "1.18.3",
      "outputs_to_install": [
        "out"
      ],
      "outputs": {
        "out": "/nix/store/qkvz41s6p3rjbc7mxp7xlnrzw7smsq9s-fswatch-1.18.3"
      },
      "system": "x86_64-linux",
      "group": "toplevel",
      "priority": 5
    },
    {
      "attr_path": "git",
      "broken": false,
      "derivation": "/nix/store/zbqxdvgi7hl7636mav0jjvdzc44fw0w0-git-2.52.0.drv",
      "description": "Distributed version control system",
      "install_id": "git",
      "license": "GPL-2.0",
      "locked_url": "https://github.com/flox/nixpkgs?rev=00c21e4c93d963c50d4c0c89bfa84ed6e0694df2",
      "name": "git-2.52.0",
      "pname": "git",
      "rev": "00c21e4c93d963c50d4c0c89bfa84ed6e0694df2",
      "rev_count": 940249,
      "rev_date": "2026-02-04T09:32:58Z",
      "scrape_date": "2026-02-06T04:35:55.509259Z",
      "stabilities": [
        "staging",
        "unstable"
      ],
      "unfree": false,
      "version": "2.52.0",
      "outputs_to_install": [
        "out"
      ],
      "outputs": {
        "doc": "/nix/store/p0dx3053175fpr3kjf0fqgs9x6gm3dri-git-2.52.0-doc",
        "out": "/nix/store/vnhprisb777byfjpp5mdd0mxwkpvhbc0-git-2.52.0"
      },
      "system": "aarch64-darwin",
      "group": "toplevel",
      "priority": 5
    },
    {
      "attr_path": "git",
      "broken": false,
      "derivation": "/nix/store/xh28gpzhgrisb6hvk986vvswa75l6bhw-git-2.52.0.drv",
      "description": "Distributed version control system",
      "install_id": "git",
      "license": "GPL-2.0",
      "locked_url": "https://github.com/flox/nixpkgs?rev=00c21e4c93d963c50d4c0c89bfa84ed6e0694df2",
      "name": "git-2.52.0",
      "pname": "git",
      "rev": "00c21e4c93d963c50d4c0c89bfa84ed6e0694df2",
      "rev_count": 940249,
      "rev_date": "2026-02-04T09:32:58Z",
      "scrape_date": "2026-02-06T05:05:24.320815Z",
      "stabilities": [
        "staging",
        "unstable"
      ],
      "unfree": false,
      "version": "2.52.0",
      "outputs_to_install": [
        "out"
      ],
      "outputs": {
        "debug": "/nix/store/cx033x4nmr12d9dcn8hxjfrajc3983f0-git-2.52.0-debug",
        "doc": "/nix/store/ylsmgdrnp78p8hn7n9lxpada78dka41v-git-2.52.0-doc",
        "out": "/nix/store/sd4bjblxfljbm13mpl50x8g336gw2dri-git-2.52.0"
      },
      "system": "aarch64-linux",
      "group": "toplevel",
      "priority": 5
    },
    {
      "attr_path": "git",
      "broken": false,
      "derivation": "/nix/store/b5a7flvc1aq2h7pfgr756p7wpyjydzv9-git-2.52.0.drv",
      "description": "Distributed version control system",
      "install_id": "git",
      "license": "GPL-2.0",
      "locked_url": "https://github.com/flox/nixpkgs?rev=00c21e4c93d963c50d4c0c89bfa84ed6e0694df2",
      "name": "git-2.52.0",
      "pname": "git",
      "rev": "00c21e4c93d963c50d4c0c89bfa84ed6e0694df2",
      "rev_count": 940249,
      "rev_date": "2026-02-04T09:32:58Z",
      "scrape_date": "2026-02-06T06:05:47.318442Z",
      "stabilities": [
        "staging",
        "unstable"
      ],
      "unfree": false,
      "version": "2.52.0",
      "outputs_to_install": [
        "out"
      ],
      "outputs": {
        "debug": "/nix/store/zd8di23fmzjwrhb5ij1bjnlfqkx9j7d6-git-2.52.0-debug",
        "doc": "/nix/store/d8kc4kqzcrbcj92msxrpdsdjglh2q5gp-git-2.52.0-doc",
        "out": "/nix/store/ipwndaag56mm8g8gn8j98z0jvn8x4mk1-git-2.52.0"
      },
      "system": "x86_64-linux",
      "group": "toplevel",
      "priority": 5
    },
    {
      "attr_path": "jq",
      "broken": false,
      "derivation": "/nix/store/44r4r3dsjbhqmddw2vvxn9jra5sl12cq-jq-1.8.1.drv",
      "description": "Lightweight and flexible command-line JSON processor",
      "install_id": "jq",
      "license": "MIT",
      "locked_url": "https://github.com/flox/nixpkgs?rev=00c21e4c93d963c50d4c0c89bfa84ed6e0694df2",
      "name": "jq-1.8.1",
      "pname": "jq",
      "rev": "00c21e4c93d963c50d4c0c89bfa84ed6e0694df2",
      "rev_count": 940249,
      "rev_date": "2026-02-04T09:32:58Z",
      "scrape_date": "2026-02-06T04:36:10.345782Z",
      "stabilities": [
        "staging",
        "unstable"
      ],
      "unfree": false,
      "version": "1.8.1",
      "outputs_to_install": [
        "bin",
        "man"
      ],
      "outputs": {
        "bin": "/nix/store/qjs0qndyz1g97rsc1zp4cd692y5iph64-jq-1.8.1-bin",
        "dev": "/nix/store/bhryp10d5w5h9rsav5k9m9jb55z26bsl-jq-1.8.1-dev",
        "doc": "/nix/store/238sn0gg3i3i9v6kgx4g1k6b19frzy49-jq-1.8.1-doc",
        "man": "/nix/store/jlpyybc7pdh4gk17dc266d6a1szm7dk6-jq-1.8.1-man",
        "out": "/nix/store/n64h0247s3674kry90l6kszx06zyrgfn-jq-1.8.1"
      },
      "system": "aarch64-darwin",
      "group": "toplevel",
      "priority": 5
    },
    {
      "attr_path": "jq",
      "broken": false,
      "derivation": "/nix/store/gcqa6ab6iifng1rpfs5bb34nx9czg705-jq-1.8.1.drv",
      "description": "Lightweight and flexible command-line JSON processor",
      "install_id": "jq",
      "license": "MIT",
      "locked_url": "https://github.com/flox/nixpkgs?rev=00c21e4c93d963c50d4c0c89bfa84ed6e0694df2",
      "name": "jq-1.8.1",
      "pname": "jq",
      "rev": "00c21e4c93d963c50d4c0c89bfa84ed6e0694df2",
      "rev_count": 940249,
      "rev_date": "2026-02-04T09:32:58Z",
      "scrape_date": "2026-02-06T05:05:43.049936Z",
      "stabilities": [
        "staging",
        "unstable"
      ],
      "unfree": false,
      "version": "1.8.1",
      "outputs_to_install": [
        "bin",
        "bin",
        "man"
      ],
      "outputs": {
        "bin": "/nix/store/c1qm5fsn6qbl09xdjx649vifabypyywd-jq-1.8.1-bin",
        "dev": "/nix/store/2sy4y09ddbi64pbg4is078110z70jsdw-jq-1.8.1-dev",
        "doc": "/nix/store/vx81xggapqwdd2l64mmxrkbafih461jc-jq-1.8.1-doc",
        "man": "/nix/store/2pjwv0ab8nilrg1lvjazf9y9w6g6pk5y-jq-1.8.1-man",
        "out": "/nix/store/cfhajjz1k7gf31krbj18q9acb54xp5z9-jq-1.8.1"
      },
      "system": "aarch64-linux",
      "group": "toplevel",
      "priority": 5
    },
    {
      "attr_path": "jq",
      "broken": false,
      "derivation": "/nix/store/ni2zx8nd9ja3ar6ar568r8l4wy80knn2-jq-1.8.1.drv",
      "description": "Lightweight and flexible command-line JSON processor",
      "install_id": "jq",
      "license": "MIT",
      "locked_url": "https://github.com/flox/nixpkgs?rev=00c21e4c93d963c50d4c0c89bfa84ed6e0694df2",
      "name": "jq-1.8.1",
      "pname": "jq",
      "rev": "00c21e4c93d963c50d4c0c89bfa84ed6e0694df2",
      "rev_count": 940249,
      "rev_date": "2026-02-04T09:32:58Z",
      "scrape_date": "2026-02-06T06:06:07.320364Z",
      "stabilities": [
        "staging",
        "unstable"
      ],
      "unfree": false,
      "version": "1.8.1",
      "outputs_to_install": [
        "bin",
        "bin",
        "man"
      ],
      "outputs": {
        "bin": "/nix/store/qnaw7i777j52fpgbl5pgmzkq85znp083-jq-1.8.1-bin",
        "dev": "/nix/store/d73i1fvhrqms0sbfrvqaynsr8iva216v-jq-1.8.1-dev",
        "doc": "/nix/store/3ynrp4ypwv1g1jgsk638443p8lpd9g8f-jq-1.8.1-doc",
        "man": "/nix/store/6mh88qsh57ivh31c5nqxc43n0hv9xhbk-jq-1.8.1-man",
        "out": "/nix/store/fgsvqffyvcpjqs093wwf2d6dzxnmnqnv-jq-1.8.1"
      },
      "system": "x86_64-linux",
      "group": "toplevel",
      "priority": 5
    },
    {
      "attr_path": "nodejs_22",
      "broken": false,
      "derivation": "/nix/store/lbf0cwx7gcpa51d50zla2db2np24s22g-nodejs-22.22.0.drv",
      "description": "Event-driven I/O framework for the V8 JavaScript engine",
      "install_id": "nodejs_22",
      "license": "MIT",
      "locked_url": "https://github.com/flox/nixpkgs?rev=00c21e4c93d963c50d4c0c89bfa84ed6e0694df2",
      "name": "nodejs-22.22.0",
      "pname": "nodejs_22",
      "rev": "00c21e4c93d963c50d4c0c89bfa84ed6e0694df2",
      "rev_count": 940249,
      "rev_date": "2026-02-04T09:32:58Z",
      "scrape_date": "2026-02-06T04:36:18.065291Z",
      "stabilities": [
        "staging",
        "unstable"
      ],
      "unfree": false,
      "version": "22.22.0",
      "outputs_to_install": [
        "out"
      ],
      "outputs": {
        "dev": "/nix/store/pp6k9i2dpr8rimfl5dhrpm8y2384g8l3-nodejs-22.22.0-dev",
        "libv8": "/nix/store/f5mnrbcj44qx8pb0xj9g71cb0ffxrmd0-nodejs-22.22.0-libv8",
        "out": "/nix/store/zphm4748w514z6p9g073f673sjl338gm-nodejs-22.22.0"
      },
      "system": "aarch64-darwin",
      "group": "toplevel",
      "priority": 5
    },
    {
      "attr_path": "nodejs_22",
      "broken": false,
      "derivation": "/nix/store/c8bjd03hs9mkgd49jmhn52vpgmp5cw1h-nodejs-22.22.0.drv",
      "description": "Event-driven I/O framework for the V8 JavaScript engine",
      "install_id": "nodejs_22",
      "license": "MIT",
      "locked_url": "https://github.com/flox/nixpkgs?rev=00c21e4c93d963c50d4c0c89bfa84ed6e0694df2",
      "name": "nodejs-22.22.0",
      "pname": "nodejs_22",
      "rev": "00c21e4c93d963c50d4c0c89bfa84ed6e0694df2",
      "rev_count": 940249,
      "rev_date": "2026-02-04T09:32:58Z",
      "scrape_date": "2026-02-06T05:05:58.853749Z",
      "stabilities": [
        "staging",
        "unstable"
      ],
      "unfree": false,
      "version": "22.22.0",
      "outputs_to_install": [
        "out"
      ],
      "outputs": {
        "dev": "/nix/store/4m4b63ix1kljgcap8zhbpiy4xvg90n1r-nodejs-22.22.0-dev",
        "libv8": "/nix/store/xl8f6lq0p5lf1dixhd9rhxzkvx4lzpzl-nodejs-22.22.0-libv8",
        "out": "/nix/store/2hzivwi1fq7gyn42nxf1299ydza2qvqq-nodejs-22.22.0"
      },
      "system": "aarch64-linux",
      "group": "toplevel",
      "priority": 5
    },
    {
      "attr_path": "nodejs_22",
      "broken": false,
      "derivation": "/nix/store/lqnqpplg61xxa956d63gapgl94rmj9y4-nodejs-22.22.0.drv",
      "description": "Event-driven I/O framework for the V8 JavaScript engine",
      "install_id": "nodejs_22",
      "license": "MIT",
      "locked_url": "https://github.com/flox/nixpkgs?rev=00c21e4c93d963c50d4c0c89bfa84ed6e0694df2",
      "name": "nodejs-22.22.0",
      "pname": "nodejs_22",
      "rev": "00c21e4c93d963c50d4c0c89bfa84ed6e0694df2",
      "rev_count": 940249,
      "rev_date": "2026-02-04T09:32:58Z",
      "scrape_date": "2026-02-06T06:06:25.440746Z",
      "stabilities": [
        "staging",
        "unstable"
      ],
      "unfree": false,
      "version": "22.22.0",
      "outputs_to_install": [
        "out"
      ],
      "outputs": {
        "dev": "/nix/store/azkh9xkfaphcs7cj5l43rh4a92zjc510-nodejs-22.22.0-dev",
        "libv8": "/nix/store/vzddff6gppvny62qsvr1sgqq629laz12-nodejs-22.22.0-libv8",
        "out": "/nix/store/cv3yxgf7zp70wk8d8lg5zi84lg35nyxs-nodejs-22.22.0"
      },
      "system": "x86_64-linux",
      "group": "toplevel",
      "priority": 5
    },
    {
      "attr_path": "ripgrep",
      "broken": false,
      "derivation": "/nix/store/6d56ayisz5870h6zlk2nlmlprxyy6p6a-ripgrep-15.1.0.drv",
      "description": "Utility that combines the usability of The Silver Searcher with the raw speed of grep",
      "install_id": "ripgrep",
      "license": "[ Unlicense, MIT ]",
      "locked_url": "https://github.com/flox/nixpkgs?rev=00c21e4c93d963c50d4c0c89bfa84ed6e0694df2",
      "name": "ripgrep-15.1.0",
      "pname": "ripgrep",
      "rev": "00c21e4c93d963c50d4c0c89bfa84ed6e0694df2",
      "rev_count": 940249,
      "rev_date": "2026-02-04T09:32:58Z",
      "scrape_date": "2026-02-06T04:37:16.072901Z",
      "stabilities": [
        "staging",
        "unstable"
      ],
      "unfree": false,
      "version": "15.1.0",
      "outputs_to_install": [
        "out"
      ],
      "outputs": {
        "out": "/nix/store/hz3dwqiwxw84mh82j1bnvxlca2ghmhkh-ripgrep-15.1.0"
      },
      "system": "aarch64-darwin",
      "group": "toplevel",
      "priority": 5
    },
    {
      "attr_path": "ripgrep",
      "broken": false,
      "derivation": "/nix/store/xi8zy5cj4zjgkjlh665gc3cvgwn39z01-ripgrep-15.1.0.drv",
      "description": "Utility that combines the usability of The Silver Searcher with the raw speed of grep",
      "install_id": "ripgrep",
      "license": "[ Unlicense, MIT ]",
      "locked_url": "https://github.com/flox/nixpkgs?rev=00c21e4c93d963c50d4c0c89bfa84ed6e0694df2",
      "name": "ripgrep-15.1.0",
      "pname": "ripgrep",
      "rev": "00c21e4c93d963c50d4c0c89bfa84ed6e0694df2",
      "rev_count": 940249,
      "rev_date": "2026-02-04T09:32:58Z",
      "scrape_date": "2026-02-06T05:07:12.792151Z",
      "stabilities": [
        "staging",
        "unstable"
      ],
      "unfree": false,
      "version": "15.1.0",
      "outputs_to_install": [
        "out"
      ],
      "outputs": {
        "out": "/nix/store/lg9npvx2ddljsd98a370x8di92kc9xbj-ripgrep-15.1.0"
      },
      "system": "aarch64-linux",
      "group": "toplevel",
      "priority": 5
    },
    {
      "attr_path": "ripgrep",
      "broken": false,
      "derivation": "/nix/store/y8m355ccwhrmsmzgvarirvwyw3dnvhy6-ripgrep-15.1.0.drv",
      "description": "Utility that combines the usability of The Silver Searcher with the raw speed of grep",
      "install_id": "ripgrep",
      "license": "[ Unlicense, MIT ]",
      "locked_url": "https://github.com/flox/nixpkgs?rev=00c21e4c93d963c50d4c0c89bfa84ed6e0694df2",
      "name": "ripgrep-15.1.0",
      "pname": "ripgrep",
      "rev": "00c21e4c93d963c50d4c0c89bfa84ed6e0694df2",
      "rev_count": 940249,
      "rev_date": "2026-02-04T09:32:58Z",
      "scrape_date": "2026-02-06T06:07:42.957832Z",
      "stabilities": [
        "staging",
        "unstable"
      ],
      "unfree": false,
      "version": "15.1.0",
      "outputs_to_install": [
        "out"
      ],
      "outputs": {
        "out": "/nix/store/5ij40vzd46x6psvdv5yg5gr6igrpwyd4-ripgrep-15.1.0"
      },
      "system": "x86_64-linux",
      "group": "toplevel",
      "priority": 5
    },
    {
      "attr_path": "tmux",
      "broken": false,
      "derivation": "/nix/store/1zdjz2pcfhgfr4bqalkzai825m4xkddl-tmux-3.6a.drv",
      "description": "Terminal multiplexer",
      "install_id": "tmux",
      "license": "BSD-3-Clause",
      "locked_url": "https://github.com/flox/nixpkgs?rev=00c21e4c93d963c50d4c0c89bfa84ed6e0694df2",
      "name": "tmux-3.6a",
      "pname": "tmux",
      "rev": "00c21e4c93d963c50d4c0c89bfa84ed6e0694df2",
      "rev_count": 940249,
      "rev_date": "2026-02-04T09:32:58Z",
      "scrape_date": "2026-02-06T04:37:57.343377Z",
      "stabilities": [
        "staging",
        "unstable"
      ],
      "unfree": false,
      "version": "3.6a",
      "outputs_to_install": [
        "man",
        "out"
      ],
      "outputs": {
        "man": "/nix/store/n1pb83gg9p32kv9p6m1vmarrqc9prmy1-tmux-3.6a-man",
        "out": "/nix/store/41wc559ka4dwp9a82j66iswdnjig5hqs-tmux-3.6a"
      },
      "system": "aarch64-darwin",
      "group": "toplevel",
      "priority": 5
    },
    {
      "attr_path": "tmux",
      "broken": false,
      "derivation": "/nix/store/1srg8w4102cmigcgs2asqicifmfrn56h-tmux-3.6a.drv",
      "description": "Terminal multiplexer",
      "install_id": "tmux",
      "license": "BSD-3-Clause",
      "locked_url": "https://github.com/flox/nixpkgs?rev=00c21e4c93d963c50d4c0c89bfa84ed6e0694df2",
      "name": "tmux-3.6a",
      "pname": "tmux",
      "rev": "00c21e4c93d963c50d4c0c89bfa84ed6e0694df2",
      "rev_count": 940249,
      "rev_date": "2026-02-04T09:32:58Z",
      "scrape_date": "2026-02-06T05:08:07.465148Z",
      "stabilities": [
        "staging",
        "unstable"
      ],
      "unfree": false,
      "version": "3.6a",
      "outputs_to_install": [
        "man",
        "out"
      ],
      "outputs": {
        "man": "/nix/store/bvwjcgpf37s2zljng3klazs14kfxsl3p-tmux-3.6a-man",
        "out": "/nix/store/7fh8lxdrpx61j0h76b1ypnir1x9j7ffi-tmux-3.6a"
      },
      "system": "aarch64-linux",
      "group": "toplevel",
      "priority": 5
    },
    {
      "attr_path": "tmux",
      "broken": false,
      "derivation": "/nix/store/yr9zkv4r3qrgkjz2qi43fkzqda762ihs-tmux-3.6a.drv",
      "description": "Terminal multiplexer",
      "install_id": "tmux",
      "license": "BSD-3-Clause",
      "locked_url": "https://github.com/flox/nixpkgs?rev=00c21e4c93d963c50d4c0c89bfa84ed6e0694df2",
      "name": "tmux-3.6a",
      "pname": "tmux",
      "rev": "00c21e4c93d963c50d4c0c89bfa84ed6e0694df2",
      "rev_count": 940249,
      "rev_date": "2026-02-04T09:32:58Z",
      "scrape_date": "2026-02-06T06:08:39.764673Z",
      "stabilities": [
        "staging",
        "unstable"
      ],
      "unfree": false,
      "version": "3.6a",
      "outputs_to_install": [
        "man",
        "man",
        "out",
        "out"
      ],
      "outputs": {
        "man": "/nix/store/mi4lvkvcrw9ffjyqly6abh79hnl0r3h9-tmux-3.6a-man",
        "out": "/nix/store/0qk9jc89bl5dj5vhbkgnmga7vwarpfai-tmux-3.6a"
      },
      "system": "x86_64-linux",
      "group": "toplevel",
      "priority": 5
    },
    {
      "attr_path": "wget",
      "broken": false,
      "derivation": "/nix/store/vvg9wxwm1f8ljlsq3q5qz904armpks05-wget-1.25.0.drv",
      "description": "Tool for retrieving files using HTTP, HTTPS, and FTP",
      "install_id": "wget",
      "license": "GPL-3.0-or-later",
      "locked_url": "https://github.com/flox/nixpkgs?rev=00c21e4c93d963c50d4c0c89bfa84ed6e0694df2",
      "name": "wget-1.25.0",
      "pname": "wget",
      "rev": "00c21e4c93d963c50d4c0c89bfa84ed6e0694df2",
      "rev_count": 940249,
      "rev_date": "2026-02-04T09:32:58Z",
      "scrape_date": "2026-02-06T04:38:24.961238Z",
      "stabilities": [
        "staging",
        "unstable"
      ],
      "unfree": false,
      "version": "1.25.0",
      "outputs_to_install": [
        "out"
      ],
      "outputs": {
        "out": "/nix/store/y96k6q6s9r8v8bwr15pb7h2fnwcnm5lf-wget-1.25.0"
      },
      "system": "aarch64-darwin",
      "group": "toplevel",
      "priority": 5
    },
    {
      "attr_path": "wget",
      "broken": false,
      "derivation": "/nix/store/dj30wp0503zksyywpyg3jkahjb06r3jm-wget-1.25.0.drv",
      "description": "Tool for retrieving files using HTTP, HTTPS, and FTP",
      "install_id": "wget",
      "license": "GPL-3.0-or-later",
      "locked_url": "https://github.com/flox/nixpkgs?rev=00c21e4c93d963c50d4c0c89bfa84ed6e0694df2",
      "name": "wget-1.25.0",
      "pname": "wget",
      "rev": "00c21e4c93d963c50d4c0c89bfa84ed6e0694df2",
      "rev_count": 940249,
      "rev_date": "2026-02-04T09:32:58Z",
      "scrape_date": "2026-02-06T05:08:41.255371Z",
      "stabilities": [
        "staging",
        "unstable"
      ],
      "unfree": false,
      "version": "1.25.0",
      "outputs_to_install": [
        "out"
      ],
      "outputs": {
        "out": "/nix/store/piknlg0s8p99wjsl6q4677sq6ppsw88l-wget-1.25.0"
      },
      "system": "aarch64-linux",
      "group": "toplevel",
      "priority": 5
    },
    {
      "attr_path": "wget",
      "broken": false,
      "derivation": "/nix/store/kqi2lv0m7vanpdsvkfvg4mbf7q8aadmy-wget-1.25.0.drv",
      "description": "Tool for retrieving files using HTTP, HTTPS, and FTP",
      "install_id": "wget",
      "license": "GPL-3.0-or-later",
      "locked_url": "https://github.com/flox/nixpkgs?rev=00c21e4c93d963c50d4c0c89bfa84ed6e0694df2",
      "name": "wget-1.25.0",
      "pname": "wget",
      "rev": "00c21e4c93d963c50d4c0c89bfa84ed6e0694df2",
      "rev_count": 940249,
      "rev_date": "2026-02-04T09:32:58Z",
      "scrape_date": "2026-02-06T06:09:14.615429Z",
      "stabilities": [
        "staging",
        "unstable"
      ],
      "unfree": false,
      "version": "1.25.0",
      "outputs_to_install": [
        "out",
        "out"
      ],
      "outputs": {
        "out": "/nix/store/km50zarkv22ymh8hiysqhrldi8ckzwdl-wget-1.25.0"
      },
      "system": "x86_64-linux",
      "group": "toplevel",
      "priority": 5
    }
  ]
}
